
Microsoft Visual Studio Solution File, Format Version 12.00
# Visual Studio Version 17
VisualStudioVersion = 17.10.35027.167
MinimumVisualStudioVersion = 10.0.40219.1
Project("{FAE04EC0-301F-11D3-BF4B-00C04F79EFBC}") = "BenchmarkDotNetExample", "BenchmarkDotNetExample.csproj", "{A9213A9D-B3B7-40E6-A285-9B9F5EB1F5CF}"
EndProject
Global
	GlobalSection(SolutionConfigurationPlatforms) = preSolution
		Debug|Any CPU = Debug|Any CPU
		Release|Any CPU = Release|Any CPU
	EndGlobalSection
	GlobalSection(ProjectConfigurationPlatforms) = postSolution
		{A9213A9D-B3B7-40E6-A285-9B9F5EB1F5CF}.Debug|Any CPU.ActiveCfg = Debug|Any CPU
		{A9213A9D-B3B7-40E6-A285-9B9F5EB1F5CF}.Debug|Any CPU.Build.0 = Debug|Any CPU
		{A9213A9D-B3B7-40E6-A285-9B9F5EB1F5CF}.Release|Any CPU.ActiveCfg = Release|Any CPU
		{A9213A9D-B3B7-40E6-A285-9B9F5EB1F5CF}.Release|Any CPU.Build.0 = Release|Any CPU
	EndGlobalSection
	GlobalSection(SolutionProperties) = preSolution
		HideSolutionNode = FALSE
	EndGlobalSection
	GlobalSection(ExtensibilityGlobals) = postSolution
		SolutionGuid = {0AFE0EDF-49D2-4471-8D65-A894EC94EE94}
	EndGlobalSection
EndGlobal
