
Microsoft Visual Studio Solution File, Format Version 12.00
# Visual Studio Version 17
VisualStudioVersion = 17.10.35201.131
MinimumVisualStudioVersion = 10.0.40219.1
Project("{FAE04EC0-301F-11D3-BF4B-00C04F79EFBC}") = "API", "API\API.csproj", "{65F8BE94-4D65-4B58-893B-1C954BD4E24B}"
EndProject
Project("{FAE04EC0-301F-11D3-BF4B-00C04F79EFBC}") = "Domain", "Domain\Domain.csproj", "{7094B38A-EC83-446F-B891-090ED7E0E368}"
EndProject
Project("{FAE04EC0-301F-11D3-BF4B-00C04F79EFBC}") = "Application", "Application\Application.csproj", "{D4049BAA-2DBB-4C17-9950-8BC9F1C2C84D}"
EndProject
Project("{FAE04EC0-301F-11D3-BF4B-00C04F79EFBC}") = "Infrastructure", "Infrastructure\Infrastructure.csproj", "{7F371D16-72EF-4942-A837-4DCC09FAA8B0}"
EndProject
Global
	GlobalSection(SolutionConfigurationPlatforms) = preSolution
		Debug|Any CPU = Debug|Any CPU
		Release|Any CPU = Release|Any CPU
	EndGlobalSection
	GlobalSection(ProjectConfigurationPlatforms) = postSolution
		{65F8BE94-4D65-4B58-893B-1C954BD4E24B}.Debug|Any CPU.ActiveCfg = Debug|Any CPU
		{65F8BE94-4D65-4B58-893B-1C954BD4E24B}.Debug|Any CPU.Build.0 = Debug|Any CPU
		{65F8BE94-4D65-4B58-893B-1C954BD4E24B}.Release|Any CPU.ActiveCfg = Release|Any CPU
		{65F8BE94-4D65-4B58-893B-1C954BD4E24B}.Release|Any CPU.Build.0 = Release|Any CPU
		{7094B38A-EC83-446F-B891-090ED7E0E368}.Debug|Any CPU.ActiveCfg = Debug|Any CPU
		{7094B38A-EC83-446F-B891-090ED7E0E368}.Debug|Any CPU.Build.0 = Debug|Any CPU
		{7094B38A-EC83-446F-B891-090ED7E0E368}.Release|Any CPU.ActiveCfg = Release|Any CPU
		{7094B38A-EC83-446F-B891-090ED7E0E368}.Release|Any CPU.Build.0 = Release|Any CPU
		{D4049BAA-2DBB-4C17-9950-8BC9F1C2C84D}.Debug|Any CPU.ActiveCfg = Debug|Any CPU
		{D4049BAA-2DBB-4C17-9950-8BC9F1C2C84D}.Debug|Any CPU.Build.0 = Debug|Any CPU
		{D4049BAA-2DBB-4C17-9950-8BC9F1C2C84D}.Release|Any CPU.ActiveCfg = Release|Any CPU
		{D4049BAA-2DBB-4C17-9950-8BC9F1C2C84D}.Release|Any CPU.Build.0 = Release|Any CPU
		{7F371D16-72EF-4942-A837-4DCC09FAA8B0}.Debug|Any CPU.ActiveCfg = Debug|Any CPU
		{7F371D16-72EF-4942-A837-4DCC09FAA8B0}.Debug|Any CPU.Build.0 = Debug|Any CPU
		{7F371D16-72EF-4942-A837-4DCC09FAA8B0}.Release|Any CPU.ActiveCfg = Release|Any CPU
		{7F371D16-72EF-4942-A837-4DCC09FAA8B0}.Release|Any CPU.Build.0 = Release|Any CPU
	EndGlobalSection
	GlobalSection(SolutionProperties) = preSolution
		HideSolutionNode = FALSE
	EndGlobalSection
	GlobalSection(ExtensibilityGlobals) = postSolution
		SolutionGuid = {3B939C05-BA8B-4A88-AB20-FB44A0332F42}
	EndGlobalSection
EndGlobal
